// !$*UTF8*$!
{
	archiveVersion = 1;
	classes = {
	};
	objectVersion = 51;
	objects = {

/* Begin PBXBuildFile section */
		565872FBEE4D9BAFA405641A /* Pods_timerOnly_timerOnlyUITests.framework in Frameworks */ = {isa = PBXBuildFile; fileRef = A556725318F4FE9DADBD8269 /* Pods_timerOnly_timerOnlyUITests.framework */; };
		CBEA4F93B00593AC36A58D45 /* Pods_timerOnlyTests.framework in Frameworks */ = {isa = PBXBuildFile; fileRef = B03B5B04DDD0CD5F786997E6 /* Pods_timerOnlyTests.framework */; };
		CE0117132517479300E69B45 /* AppDelegate.swift in Sources */ = {isa = PBXBuildFile; fileRef = CE0117122517479300E69B45 /* AppDelegate.swift */; };
		CE0117152517479300E69B45 /* SceneDelegate.swift in Sources */ = {isa = PBXBuildFile; fileRef = CE0117142517479300E69B45 /* SceneDelegate.swift */; };
		CE0117172517479300E69B45 /* ViewController.swift in Sources */ = {isa = PBXBuildFile; fileRef = CE0117162517479300E69B45 /* ViewController.swift */; };
		CE01171A2517479300E69B45 /* Main.storyboard in Resources */ = {isa = PBXBuildFile; fileRef = CE0117182517479300E69B45 /* Main.storyboard */; };
		CE01171D2517479300E69B45 /* timerOnly.xcdatamodeld in Sources */ = {isa = PBXBuildFile; fileRef = CE01171B2517479300E69B45 /* timerOnly.xcdatamodeld */; };
		CE01171F2517479800E69B45 /* Assets.xcassets in Resources */ = {isa = PBXBuildFile; fileRef = CE01171E2517479800E69B45 /* Assets.xcassets */; };
		CE0117222517479800E69B45 /* LaunchScreen.storyboard in Resources */ = {isa = PBXBuildFile; fileRef = CE0117202517479800E69B45 /* LaunchScreen.storyboard */; };
		CE01172D2517479800E69B45 /* timerOnlyTests.swift in Sources */ = {isa = PBXBuildFile; fileRef = CE01172C2517479800E69B45 /* timerOnlyTests.swift */; };
		CE0117382517479800E69B45 /* timerOnlyUITests.swift in Sources */ = {isa = PBXBuildFile; fileRef = CE0117372517479800E69B45 /* timerOnlyUITests.swift */; };
		CE5CBE48251F681B00AC24E4 /* GoogleService-Info.plist in Resources */ = {isa = PBXBuildFile; fileRef = CE5CBE47251F681A00AC24E4 /* GoogleService-Info.plist */; };
		EF95B4B3FB2A76A32EC145E7 /* Pods_timerOnly.framework in Frameworks */ = {isa = PBXBuildFile; fileRef = EFB7993368307E190C459D26 /* Pods_timerOnly.framework */; };
/* End PBXBuildFile section */

/* Begin PBXContainerItemProxy section */
		CE0117292517479800E69B45 /* PBXContainerItemProxy */ = {
			isa = PBXContainerItemProxy;
			containerPortal = CE0117072517479300E69B45 /* Project object */;
			proxyType = 1;
			remoteGlobalIDString = CE01170E2517479300E69B45;
			remoteInfo = timerOnly;
		};
		CE0117342517479800E69B45 /* PBXContainerItemProxy */ = {
			isa = PBXContainerItemProxy;
			containerPortal = CE0117072517479300E69B45 /* Project object */;
			proxyType = 1;
			remoteGlobalIDString = CE01170E2517479300E69B45;
			remoteInfo = timerOnly;
		};
/* End PBXContainerItemProxy section */

/* Begin PBXFileReference section */
		2573E83D993CBC85D1A97E72 /* Pods-timerOnly-timerOnlyUITests.debug.xcconfig */ = {isa = PBXFileReference; includeInIndex = 1; lastKnownFileType = text.xcconfig; name = "Pods-timerOnly-timerOnlyUITests.debug.xcconfig"; path = "Target Support Files/Pods-timerOnly-timerOnlyUITests/Pods-timerOnly-timerOnlyUITests.debug.xcconfig"; sourceTree = "<group>"; };
		4B23B91AE7F5625ADEB65A5A /* Pods-timerOnly.debug.xcconfig */ = {isa = PBXFileReference; includeInIndex = 1; lastKnownFileType = text.xcconfig; name = "Pods-timerOnly.debug.xcconfig"; path = "Target Support Files/Pods-timerOnly/Pods-timerOnly.debug.xcconfig"; sourceTree = "<group>"; };
		57456C1552D957B3E29C67BA /* Pods-timerOnly.release.xcconfig */ = {isa = PBXFileReference; includeInIndex = 1; lastKnownFileType = text.xcconfig; name = "Pods-timerOnly.release.xcconfig"; path = "Target Support Files/Pods-timerOnly/Pods-timerOnly.release.xcconfig"; sourceTree = "<group>"; };
		A556725318F4FE9DADBD8269 /* Pods_timerOnly_timerOnlyUITests.framework */ = {isa = PBXFileReference; explicitFileType = wrapper.framework; includeInIndex = 0; path = Pods_timerOnly_timerOnlyUITests.framework; sourceTree = BUILT_PRODUCTS_DIR; };
		AA293BB8760E2D934E53086F /* Pods-timerOnlyTests.release.xcconfig */ = {isa = PBXFileReference; includeInIndex = 1; lastKnownFileType = text.xcconfig; name = "Pods-timerOnlyTests.release.xcconfig"; path = "Target Support Files/Pods-timerOnlyTests/Pods-timerOnlyTests.release.xcconfig"; sourceTree = "<group>"; };
		B03B5B04DDD0CD5F786997E6 /* Pods_timerOnlyTests.framework */ = {isa = PBXFileReference; explicitFileType = wrapper.framework; includeInIndex = 0; path = Pods_timerOnlyTests.framework; sourceTree = BUILT_PRODUCTS_DIR; };
		CCFCC95CB02B562F0CE9040A /* Pods-timerOnly-timerOnlyUITests.release.xcconfig */ = {isa = PBXFileReference; includeInIndex = 1; lastKnownFileType = text.xcconfig; name = "Pods-timerOnly-timerOnlyUITests.release.xcconfig"; path = "Target Support Files/Pods-timerOnly-timerOnlyUITests/Pods-timerOnly-timerOnlyUITests.release.xcconfig"; sourceTree = "<group>"; };
		CE01170F2517479300E69B45 /* timerOnly.app */ = {isa = PBXFileReference; explicitFileType = wrapper.application; includeInIndex = 0; path = timerOnly.app; sourceTree = BUILT_PRODUCTS_DIR; };
		CE0117122517479300E69B45 /* AppDelegate.swift */ = {isa = PBXFileReference; lastKnownFileType = sourcecode.swift; path = AppDelegate.swift; sourceTree = "<group>"; };
		CE0117142517479300E69B45 /* SceneDelegate.swift */ = {isa = PBXFileReference; lastKnownFileType = sourcecode.swift; path = SceneDelegate.swift; sourceTree = "<group>"; };
		CE0117162517479300E69B45 /* ViewController.swift */ = {isa = PBXFileReference; lastKnownFileType = sourcecode.swift; path = ViewController.swift; sourceTree = "<group>"; };
		CE0117192517479300E69B45 /* Base */ = {isa = PBXFileReference; lastKnownFileType = file.storyboard; name = Base; path = Base.lproj/Main.storyboard; sourceTree = "<group>"; };
		CE01171C2517479300E69B45 /* timerOnly.xcdatamodel */ = {isa = PBXFileReference; lastKnownFileType = wrapper.xcdatamodel; path = timerOnly.xcdatamodel; sourceTree = "<group>"; };
		CE01171E2517479800E69B45 /* Assets.xcassets */ = {isa = PBXFileReference; lastKnownFileType = folder.assetcatalog; path = Assets.xcassets; sourceTree = "<group>"; };
		CE0117212517479800E69B45 /* Base */ = {isa = PBXFileReference; lastKnownFileType = file.storyboard; name = Base; path = Base.lproj/LaunchScreen.storyboard; sourceTree = "<group>"; };
		CE0117232517479800E69B45 /* Info.plist */ = {isa = PBXFileReference; lastKnownFileType = text.plist.xml; path = Info.plist; sourceTree = "<group>"; };
		CE0117282517479800E69B45 /* timerOnlyTests.xctest */ = {isa = PBXFileReference; explicitFileType = wrapper.cfbundle; includeInIndex = 0; path = timerOnlyTests.xctest; sourceTree = BUILT_PRODUCTS_DIR; };
		CE01172C2517479800E69B45 /* timerOnlyTests.swift */ = {isa = PBXFileReference; lastKnownFileType = sourcecode.swift; path = timerOnlyTests.swift; sourceTree = "<group>"; };
		CE01172E2517479800E69B45 /* Info.plist */ = {isa = PBXFileReference; lastKnownFileType = text.plist.xml; path = Info.plist; sourceTree = "<group>"; };
		CE0117332517479800E69B45 /* timerOnlyUITests.xctest */ = {isa = PBXFileReference; explicitFileType = wrapper.cfbundle; includeInIndex = 0; path = timerOnlyUITests.xctest; sourceTree = BUILT_PRODUCTS_DIR; };
		CE0117372517479800E69B45 /* timerOnlyUITests.swift */ = {isa = PBXFileReference; lastKnownFileType = sourcecode.swift; path = timerOnlyUITests.swift; sourceTree = "<group>"; };
		CE0117392517479800E69B45 /* Info.plist */ = {isa = PBXFileReference; lastKnownFileType = text.plist.xml; path = Info.plist; sourceTree = "<group>"; };
		CE5CBE47251F681A00AC24E4 /* GoogleService-Info.plist */ = {isa = PBXFileReference; fileEncoding = 4; lastKnownFileType = text.plist.xml; name = "GoogleService-Info.plist"; path = "../../../Downloads/GoogleService-Info.plist"; sourceTree = "<group>"; };
		ECE293BF6AA79255633C3362 /* Pods-timerOnlyTests.debug.xcconfig */ = {isa = PBXFileReference; includeInIndex = 1; lastKnownFileType = text.xcconfig; name = "Pods-timerOnlyTests.debug.xcconfig"; path = "Target Support Files/Pods-timerOnlyTests/Pods-timerOnlyTests.debug.xcconfig"; sourceTree = "<group>"; };
		EFB7993368307E190C459D26 /* Pods_timerOnly.framework */ = {isa = PBXFileReference; explicitFileType = wrapper.framework; includeInIndex = 0; path = Pods_timerOnly.framework; sourceTree = BUILT_PRODUCTS_DIR; };
/* End PBXFileReference section */

/* Begin PBXFrameworksBuildPhase section */
		CE01170C2517479300E69B45 /* Frameworks */ = {
			isa = PBXFrameworksBuildPhase;
			buildActionMask = 2147483647;
			files = (
				EF95B4B3FB2A76A32EC145E7 /* Pods_timerOnly.framework in Frameworks */,
			);
			runOnlyForDeploymentPostprocessing = 0;
		};
		CE0117252517479800E69B45 /* Frameworks */ = {
			isa = PBXFrameworksBuildPhase;
			buildActionMask = 2147483647;
			files = (
				CBEA4F93B00593AC36A58D45 /* Pods_timerOnlyTests.framework in Frameworks */,
			);
			runOnlyForDeploymentPostprocessing = 0;
		};
		CE0117302517479800E69B45 /* Frameworks */ = {
			isa = PBXFrameworksBuildPhase;
			buildActionMask = 2147483647;
			files = (
				565872FBEE4D9BAFA405641A /* Pods_timerOnly_timerOnlyUITests.framework in Frameworks */,
			);
			runOnlyForDeploymentPostprocessing = 0;
		};
/* End PBXFrameworksBuildPhase section */

/* Begin PBXGroup section */
		758281F754100ACD9F21DB21 /* Frameworks */ = {
			isa = PBXGroup;
			children = (
				EFB7993368307E190C459D26 /* Pods_timerOnly.framework */,
				A556725318F4FE9DADBD8269 /* Pods_timerOnly_timerOnlyUITests.framework */,
				B03B5B04DDD0CD5F786997E6 /* Pods_timerOnlyTests.framework */,
			);
			name = Frameworks;
			sourceTree = "<group>";
		};
		A4B46D2C7A1610A536A57AE6 /* Pods */ = {
			isa = PBXGroup;
			children = (
				4B23B91AE7F5625ADEB65A5A /* Pods-timerOnly.debug.xcconfig */,
				57456C1552D957B3E29C67BA /* Pods-timerOnly.release.xcconfig */,
				2573E83D993CBC85D1A97E72 /* Pods-timerOnly-timerOnlyUITests.debug.xcconfig */,
				CCFCC95CB02B562F0CE9040A /* Pods-timerOnly-timerOnlyUITests.release.xcconfig */,
				ECE293BF6AA79255633C3362 /* Pods-timerOnlyTests.debug.xcconfig */,
				AA293BB8760E2D934E53086F /* Pods-timerOnlyTests.release.xcconfig */,
			);
			path = Pods;
			sourceTree = "<group>";
		};
		CE0117062517479300E69B45 = {
			isa = PBXGroup;
			children = (
				CE0117112517479300E69B45 /* timerOnly */,
				CE01172B2517479800E69B45 /* timerOnlyTests */,
				CE0117362517479800E69B45 /* timerOnlyUITests */,
				CE0117102517479300E69B45 /* Products */,
				A4B46D2C7A1610A536A57AE6 /* Pods */,
				758281F754100ACD9F21DB21 /* Frameworks */,
			);
			sourceTree = "<group>";
		};
		CE0117102517479300E69B45 /* Products */ = {
			isa = PBXGroup;
			children = (
				CE01170F2517479300E69B45 /* timerOnly.app */,
				CE0117282517479800E69B45 /* timerOnlyTests.xctest */,
				CE0117332517479800E69B45 /* timerOnlyUITests.xctest */,
			);
			name = Products;
			sourceTree = "<group>";
		};
		CE0117112517479300E69B45 /* timerOnly */ = {
			isa = PBXGroup;
			children = (
				CE0117122517479300E69B45 /* AppDelegate.swift */,
				CE0117142517479300E69B45 /* SceneDelegate.swift */,
				CE0117162517479300E69B45 /* ViewController.swift */,
				CE0117182517479300E69B45 /* Main.storyboard */,
				CE01171E2517479800E69B45 /* Assets.xcassets */,
				CE0117202517479800E69B45 /* LaunchScreen.storyboard */,
				CE0117232517479800E69B45 /* Info.plist */,
				CE01171B2517479300E69B45 /* timerOnly.xcdatamodeld */,
				CE5CBE47251F681A00AC24E4 /* GoogleService-Info.plist */,
			);
			path = timerOnly;
			sourceTree = "<group>";
		};
		CE01172B2517479800E69B45 /* timerOnlyTests */ = {
			isa = PBXGroup;
			children = (
				CE01172C2517479800E69B45 /* timerOnlyTests.swift */,
				CE01172E2517479800E69B45 /* Info.plist */,
			);
			path = timerOnlyTests;
			sourceTree = "<group>";
		};
		CE0117362517479800E69B45 /* timerOnlyUITests */ = {
			isa = PBXGroup;
			children = (
				CE0117372517479800E69B45 /* timerOnlyUITests.swift */,
				CE0117392517479800E69B45 /* Info.plist */,
			);
			path = timerOnlyUITests;
			sourceTree = "<group>";
		};
/* End PBXGroup section */

/* Begin PBXNativeTarget section */
		CE01170E2517479300E69B45 /* timerOnly */ = {
			isa = PBXNativeTarget;
			buildConfigurationList = CE01173C2517479800E69B45 /* Build configuration list for PBXNativeTarget "timerOnly" */;
			buildPhases = (
				821BD730DCEC4AF024F3A069 /* [CP] Check Pods Manifest.lock */,
				CE01170B2517479300E69B45 /* Sources */,
				CE01170C2517479300E69B45 /* Frameworks */,
				CE01170D2517479300E69B45 /* Resources */,
				5D6EF4280284839504ED1DE5 /* [CP] Embed Pods Frameworks */,
			);
			buildRules = (
			);
			dependencies = (
			);
			name = timerOnly;
			productName = timerOnly;
			productReference = CE01170F2517479300E69B45 /* timerOnly.app */;
			productType = "com.apple.product-type.application";
		};
		CE0117272517479800E69B45 /* timerOnlyTests */ = {
			isa = PBXNativeTarget;
			buildConfigurationList = CE01173F2517479800E69B45 /* Build configuration list for PBXNativeTarget "timerOnlyTests" */;
			buildPhases = (
				01530931FD1BC2C9CE80BBDF /* [CP] Check Pods Manifest.lock */,
				CE0117242517479800E69B45 /* Sources */,
				CE0117252517479800E69B45 /* Frameworks */,
				CE0117262517479800E69B45 /* Resources */,
			);
			buildRules = (
			);
			dependencies = (
				CE01172A2517479800E69B45 /* PBXTargetDependency */,
			);
			name = timerOnlyTests;
			productName = timerOnlyTests;
			productReference = CE0117282517479800E69B45 /* timerOnlyTests.xctest */;
			productType = "com.apple.product-type.bundle.unit-test";
		};
		CE0117322517479800E69B45 /* timerOnlyUITests */ = {
			isa = PBXNativeTarget;
			buildConfigurationList = CE0117422517479800E69B45 /* Build configuration list for PBXNativeTarget "timerOnlyUITests" */;
			buildPhases = (
				91E3FE9B10AD4A0A756D902D /* [CP] Check Pods Manifest.lock */,
				CE01172F2517479800E69B45 /* Sources */,
				CE0117302517479800E69B45 /* Frameworks */,
				CE0117312517479800E69B45 /* Resources */,
				6B3446660D3D6CB284F00C9D /* [CP] Embed Pods Frameworks */,
			);
			buildRules = (
			);
			dependencies = (
				CE0117352517479800E69B45 /* PBXTargetDependency */,
			);
			name = timerOnlyUITests;
			productName = timerOnlyUITests;
			productReference = CE0117332517479800E69B45 /* timerOnlyUITests.xctest */;
			productType = "com.apple.product-type.bundle.ui-testing";
		};
/* End PBXNativeTarget section */

/* Begin PBXProject section */
		CE0117072517479300E69B45 /* Project object */ = {
			isa = PBXProject;
			attributes = {
				LastSwiftUpdateCheck = 1200;
				LastUpgradeCheck = 1200;
				TargetAttributes = {
					CE01170E2517479300E69B45 = {
						CreatedOnToolsVersion = 12.0;
					};
					CE0117272517479800E69B45 = {
						CreatedOnToolsVersion = 12.0;
						TestTargetID = CE01170E2517479300E69B45;
					};
					CE0117322517479800E69B45 = {
						CreatedOnToolsVersion = 12.0;
						TestTargetID = CE01170E2517479300E69B45;
					};
				};
			};
			buildConfigurationList = CE01170A2517479300E69B45 /* Build configuration list for PBXProject "timerOnly" */;
			compatibilityVersion = "Xcode 9.3";
			developmentRegion = en;
			hasScannedForEncodings = 0;
			knownRegions = (
				en,
				Base,
			);
			mainGroup = CE0117062517479300E69B45;
			productRefGroup = CE0117102517479300E69B45 /* Products */;
			projectDirPath = "";
			projectRoot = "";
			targets = (
				CE01170E2517479300E69B45 /* timerOnly */,
				CE0117272517479800E69B45 /* timerOnlyTests */,
				CE0117322517479800E69B45 /* timerOnlyUITests */,
			);
		};
/* End PBXProject section */

/* Begin PBXResourcesBuildPhase section */
		CE01170D2517479300E69B45 /* Resources */ = {
			isa = PBXResourcesBuildPhase;
			buildActionMask = 2147483647;
			files = (
				CE0117222517479800E69B45 /* LaunchScreen.storyboard in Resources */,
				CE5CBE48251F681B00AC24E4 /* GoogleService-Info.plist in Resources */,
				CE01171F2517479800E69B45 /* Assets.xcassets in Resources */,
				CE01171A2517479300E69B45 /* Main.storyboard in Resources */,
			);
			runOnlyForDeploymentPostprocessing = 0;
		};
		CE0117262517479800E69B45 /* Resources */ = {
			isa = PBXResourcesBuildPhase;
			buildActionMask = 2147483647;
			files = (
			);
			runOnlyForDeploymentPostprocessing = 0;
		};
		CE0117312517479800E69B45 /* Resources */ = {
			isa = PBXResourcesBuildPhase;
			buildActionMask = 2147483647;
			files = (
			);
			runOnlyForDeploymentPostprocessing = 0;
		};
/* End PBXResourcesBuildPhase section */

/* Begin PBXShellScriptBuildPhase section */
		01530931FD1BC2C9CE80BBDF /* [CP] Check Pods Manifest.lock */ = {
			isa = PBXShellScriptBuildPhase;
			buildActionMask = 2147483647;
			files = (
			);
			inputFileListPaths = (
			);
			inputPaths = (
				"${PODS_PODFILE_DIR_PATH}/Podfile.lock",
				"${PODS_ROOT}/Manifest.lock",
			);
			name = "[CP] Check Pods Manifest.lock";
			outputFileListPaths = (
			);
			outputPaths = (
				"$(DERIVED_FILE_DIR)/Pods-timerOnlyTests-checkManifestLockResult.txt",
			);
			runOnlyForDeploymentPostprocessing = 0;
			shellPath = /bin/sh;
			shellScript = "diff \"${PODS_PODFILE_DIR_PATH}/Podfile.lock\" \"${PODS_ROOT}/Manifest.lock\" > /dev/null\nif [ $? != 0 ] ; then\n    # print error to STDERR\n    echo \"error: The sandbox is not in sync with the Podfile.lock. Run 'pod install' or update your CocoaPods installation.\" >&2\n    exit 1\nfi\n# This output is used by Xcode 'outputs' to avoid re-running this script phase.\necho \"SUCCESS\" > \"${SCRIPT_OUTPUT_FILE_0}\"\n";
			showEnvVarsInLog = 0;
		};
		5D6EF4280284839504ED1DE5 /* [CP] Embed Pods Frameworks */ = {
			isa = PBXShellScriptBuildPhase;
			buildActionMask = 2147483647;
			files = (
			);
			inputFileListPaths = (
				"${PODS_ROOT}/Target Support Files/Pods-timerOnly/Pods-timerOnly-frameworks-${CONFIGURATION}-input-files.xcfilelist",
			);
			name = "[CP] Embed Pods Frameworks";
			outputFileListPaths = (
				"${PODS_ROOT}/Target Support Files/Pods-timerOnly/Pods-timerOnly-frameworks-${CONFIGURATION}-output-files.xcfilelist",
			);
			runOnlyForDeploymentPostprocessing = 0;
			shellPath = /bin/sh;
			shellScript = "\"${PODS_ROOT}/Target Support Files/Pods-timerOnly/Pods-timerOnly-frameworks.sh\"\n";
			showEnvVarsInLog = 0;
		};
		6B3446660D3D6CB284F00C9D /* [CP] Embed Pods Frameworks */ = {
			isa = PBXShellScriptBuildPhase;
			buildActionMask = 2147483647;
			files = (
			);
			inputFileListPaths = (
				"${PODS_ROOT}/Target Support Files/Pods-timerOnly-timerOnlyUITests/Pods-timerOnly-timerOnlyUITests-frameworks-${CONFIGURATION}-input-files.xcfilelist",
			);
			name = "[CP] Embed Pods Frameworks";
			outputFileListPaths = (
				"${PODS_ROOT}/Target Support Files/Pods-timerOnly-timerOnlyUITests/Pods-timerOnly-timerOnlyUITests-frameworks-${CONFIGURATION}-output-files.xcfilelist",
			);
			runOnlyForDeploymentPostprocessing = 0;
			shellPath = /bin/sh;
			shellScript = "\"${PODS_ROOT}/Target Support Files/Pods-timerOnly-timerOnlyUITests/Pods-timerOnly-timerOnlyUITests-frameworks.sh\"\n";
			showEnvVarsInLog = 0;
		};
		821BD730DCEC4AF024F3A069 /* [CP] Check Pods Manifest.lock */ = {
			isa = PBXShellScriptBuildPhase;
			buildActionMask = 2147483647;
			files = (
			);
			inputFileListPaths = (
			);
			inputPaths = (
				"${PODS_PODFILE_DIR_PATH}/Podfile.lock",
				"${PODS_ROOT}/Manifest.lock",
			);
			name = "[CP] Check Pods Manifest.lock";
			outputFileListPaths = (
			);
			outputPaths = (
				"$(DERIVED_FILE_DIR)/Pods-timerOnly-checkManifestLockResult.txt",
			);
			runOnlyForDeploymentPostprocessing = 0;
			shellPath = /bin/sh;
			shellScript = "diff \"${PODS_PODFILE_DIR_PATH}/Podfile.lock\" \"${PODS_ROOT}/Manifest.lock\" > /dev/null\nif [ $? != 0 ] ; then\n    # print error to STDERR\n    echo \"error: The sandbox is not in sync with the Podfile.lock. Run 'pod install' or update your CocoaPods installation.\" >&2\n    exit 1\nfi\n# This output is used by Xcode 'outputs' to avoid re-running this script phase.\necho \"SUCCESS\" > \"${SCRIPT_OUTPUT_FILE_0}\"\n";
			showEnvVarsInLog = 0;
		};
		91E3FE9B10AD4A0A756D902D /* [CP] Check Pods Manifest.lock */ = {
			isa = PBXShellScriptBuildPhase;
			buildActionMask = 2147483647;
			files = (
			);
			inputFileListPaths = (
			);
			inputPaths = (
				"${PODS_PODFILE_DIR_PATH}/Podfile.lock",
				"${PODS_ROOT}/Manifest.lock",
			);
			name = "[CP] Check Pods Manifest.lock";
			outputFileListPaths = (
			);
			outputPaths = (
				"$(DERIVED_FILE_DIR)/Pods-timerOnly-timerOnlyUITests-checkManifestLockResult.txt",
			);
			runOnlyForDeploymentPostprocessing = 0;
			shellPath = /bin/sh;
			shellScript = "diff \"${PODS_PODFILE_DIR_PATH}/Podfile.lock\" \"${PODS_ROOT}/Manifest.lock\" > /dev/null\nif [ $? != 0 ] ; then\n    # print error to STDERR\n    echo \"error: The sandbox is not in sync with the Podfile.lock. Run 'pod install' or update your CocoaPods installation.\" >&2\n    exit 1\nfi\n# This output is used by Xcode 'outputs' to avoid re-running this script phase.\necho \"SUCCESS\" > \"${SCRIPT_OUTPUT_FILE_0}\"\n";
			showEnvVarsInLog = 0;
		};
/* End PBXShellScriptBuildPhase section */

/* Begin PBXSourcesBuildPhase section */
		CE01170B2517479300E69B45 /* Sources */ = {
			isa = PBXSourcesBuildPhase;
			buildActionMask = 2147483647;
			files = (
				CE0117172517479300E69B45 /* ViewController.swift in Sources */,
				CE01171D2517479300E69B45 /* timerOnly.xcdatamodeld in Sources */,
				CE0117132517479300E69B45 /* AppDelegate.swift in Sources */,
				CE0117152517479300E69B45 /* SceneDelegate.swift in Sources */,
			);
			runOnlyForDeploymentPostprocessing = 0;
		};
		CE0117242517479800E69B45 /* Sources */ = {
			isa = PBXSourcesBuildPhase;
			buildActionMask = 2147483647;
			files = (
				CE01172D2517479800E69B45 /* timerOnlyTests.swift in Sources */,
			);
			runOnlyForDeploymentPostprocessing = 0;
		};
		CE01172F2517479800E69B45 /* Sources */ = {
			isa = PBXSourcesBuildPhase;
			buildActionMask = 2147483647;
			files = (
				CE0117382517479800E69B45 /* timerOnlyUITests.swift in Sources */,
			);
			runOnlyForDeploymentPostprocessing = 0;
		};
/* End PBXSourcesBuildPhase section */

/* Begin PBXTargetDependency section */
		CE01172A2517479800E69B45 /* PBXTargetDependency */ = {
			isa = PBXTargetDependency;
			target = CE01170E2517479300E69B45 /* timerOnly */;
			targetProxy = CE0117292517479800E69B45 /* PBXContainerItemProxy */;
		};
		CE0117352517479800E69B45 /* PBXTargetDependency */ = {
			isa = PBXTargetDependency;
			target = CE01170E2517479300E69B45 /* timerOnly */;
			targetProxy = CE0117342517479800E69B45 /* PBXContainerItemProxy */;
		};
/* End PBXTargetDependency section */

/* Begin PBXVariantGroup section */
		CE0117182517479300E69B45 /* Main.storyboard */ = {
			isa = PBXVariantGroup;
			children = (
				CE0117192517479300E69B45 /* Base */,
			);
			name = Main.storyboard;
			sourceTree = "<group>";
		};
		CE0117202517479800E69B45 /* LaunchScreen.storyboard */ = {
			isa = PBXVariantGroup;
			children = (
				CE0117212517479800E69B45 /* Base */,
			);
			name = LaunchScreen.storyboard;
			sourceTree = "<group>";
		};
/* End PBXVariantGroup section */

/* Begin XCBuildConfiguration section */
		CE01173A2517479800E69B45 /* Debug */ = {
			isa = XCBuildConfiguration;
			buildSettings = {
				ALWAYS_SEARCH_USER_PATHS = NO;
				CLANG_ANALYZER_NONNULL = YES;
				CLANG_ANALYZER_NUMBER_OBJECT_CONVERSION = YES_AGGRESSIVE;
				CLANG_CXX_LANGUAGE_STANDARD = "gnu++14";
				CLANG_CXX_LIBRARY = "libc++";
				CLANG_ENABLE_MODULES = YES;
				CLANG_ENABLE_OBJC_ARC = YES;
				CLANG_ENABLE_OBJC_WEAK = YES;
				CLANG_WARN_BLOCK_CAPTURE_AUTORELEASING = YES;
				CLANG_WARN_BOOL_CONVERSION = YES;
				CLANG_WARN_COMMA = YES;
				CLANG_WARN_CONSTANT_CONVERSION = YES;
				CLANG_WARN_DEPRECATED_OBJC_IMPLEMENTATIONS = YES;
				CLANG_WARN_DIRECT_OBJC_ISA_USAGE = YES_ERROR;
				CLANG_WARN_DOCUMENTATION_COMMENTS = YES;
				CLANG_WARN_EMPTY_BODY = YES;
				CLANG_WARN_ENUM_CONVERSION = YES;
				CLANG_WARN_INFINITE_RECURSION = YES;
				CLANG_WARN_INT_CONVERSION = YES;
				CLANG_WARN_NON_LITERAL_NULL_CONVERSION = YES;
				CLANG_WARN_OBJC_IMPLICIT_RETAIN_SELF = YES;
				CLANG_WARN_OBJC_LITERAL_CONVERSION = YES;
				CLANG_WARN_OBJC_ROOT_CLASS = YES_ERROR;
				CLANG_WARN_QUOTED_INCLUDE_IN_FRAMEWORK_HEADER = YES;
				CLANG_WARN_RANGE_LOOP_ANALYSIS = YES;
				CLANG_WARN_STRICT_PROTOTYPES = YES;
				CLANG_WARN_SUSPICIOUS_MOVE = YES;
				CLANG_WARN_UNGUARDED_AVAILABILITY = YES_AGGRESSIVE;
				CLANG_WARN_UNREACHABLE_CODE = YES;
				CLANG_WARN__DUPLICATE_METHOD_MATCH = YES;
				COPY_PHASE_STRIP = NO;
				DEBUG_INFORMATION_FORMAT = dwarf;
				ENABLE_STRICT_OBJC_MSGSEND = YES;
				ENABLE_TESTABILITY = YES;
				GCC_C_LANGUAGE_STANDARD = gnu11;
				GCC_DYNAMIC_NO_PIC = NO;
				GCC_NO_COMMON_BLOCKS = YES;
				GCC_OPTIMIZATION_LEVEL = 0;
				GCC_PREPROCESSOR_DEFINITIONS = (
					"DEBUG=1",
					"$(inherited)",
				);
				GCC_WARN_64_TO_32_BIT_CONVERSION = YES;
				GCC_WARN_ABOUT_RETURN_TYPE = YES_ERROR;
				GCC_WARN_UNDECLARED_SELECTOR = YES;
				GCC_WARN_UNINITIALIZED_AUTOS = YES_AGGRESSIVE;
				GCC_WARN_UNUSED_FUNCTION = YES;
				GCC_WARN_UNUSED_VARIABLE = YES;
				IPHONEOS_DEPLOYMENT_TARGET = 14.0;
				MTL_ENABLE_DEBUG_INFO = INCLUDE_SOURCE;
				MTL_FAST_MATH = YES;
				ONLY_ACTIVE_ARCH = YES;
				SDKROOT = iphoneos;
				SWIFT_ACTIVE_COMPILATION_CONDITIONS = DEBUG;
				SWIFT_OPTIMIZATION_LEVEL = "-Onone";
			};
			name = Debug;
		};
		CE01173B2517479800E69B45 /* Release */ = {
			isa = XCBuildConfiguration;
			buildSettings = {
				ALWAYS_SEARCH_USER_PATHS = NO;
				CLANG_ANALYZER_NONNULL = YES;
				CLANG_ANALYZER_NUMBER_OBJECT_CONVERSION = YES_AGGRESSIVE;
				CLANG_CXX_LANGUAGE_STANDARD = "gnu++14";
				CLANG_CXX_LIBRARY = "libc++";
				CLANG_ENABLE_MODULES = YES;
				CLANG_ENABLE_OBJC_ARC = YES;
				CLANG_ENABLE_OBJC_WEAK = YES;
				CLANG_WARN_BLOCK_CAPTURE_AUTORELEASING = YES;
				CLANG_WARN_BOOL_CONVERSION = YES;
				CLANG_WARN_COMMA = YES;
				CLANG_WARN_CONSTANT_CONVERSION = YES;
				CLANG_WARN_DEPRECATED_OBJC_IMPLEMENTATIONS = YES;
				CLANG_WARN_DIRECT_OBJC_ISA_USAGE = YES_ERROR;
				CLANG_WARN_DOCUMENTATION_COMMENTS = YES;
				CLANG_WARN_EMPTY_BODY = YES;
				CLANG_WARN_ENUM_CONVERSION = YES;
				CLANG_WARN_INFINITE_RECURSION = YES;
				CLANG_WARN_INT_CONVERSION = YES;
				CLANG_WARN_NON_LITERAL_NULL_CONVERSION = YES;
				CLANG_WARN_OBJC_IMPLICIT_RETAIN_SELF = YES;
				CLANG_WARN_OBJC_LITERAL_CONVERSION = YES;
				CLANG_WARN_OBJC_ROOT_CLASS = YES_ERROR;
				CLANG_WARN_QUOTED_INCLUDE_IN_FRAMEWORK_HEADER = YES;
				CLANG_WARN_RANGE_LOOP_ANALYSIS = YES;
				CLANG_WARN_STRICT_PROTOTYPES = YES;
				CLANG_WARN_SUSPICIOUS_MOVE = YES;
				CLANG_WARN_UNGUARDED_AVAILABILITY = YES_AGGRESSIVE;
				CLANG_WARN_UNREACHABLE_CODE = YES;
				CLANG_WARN__DUPLICATE_METHOD_MATCH = YES;
				COPY_PHASE_STRIP = NO;
				DEBUG_INFORMATION_FORMAT = "dwarf-with-dsym";
				ENABLE_NS_ASSERTIONS = NO;
				ENABLE_STRICT_OBJC_MSGSEND = YES;
				GCC_C_LANGUAGE_STANDARD = gnu11;
				GCC_NO_COMMON_BLOCKS = YES;
				GCC_WARN_64_TO_32_BIT_CONVERSION = YES;
				GCC_WARN_ABOUT_RETURN_TYPE = YES_ERROR;
				GCC_WARN_UNDECLARED_SELECTOR = YES;
				GCC_WARN_UNINITIALIZED_AUTOS = YES_AGGRESSIVE;
				GCC_WARN_UNUSED_FUNCTION = YES;
				GCC_WARN_UNUSED_VARIABLE = YES;
				IPHONEOS_DEPLOYMENT_TARGET = 14.0;
				MTL_ENABLE_DEBUG_INFO = NO;
				MTL_FAST_MATH = YES;
				SDKROOT = iphoneos;
				SWIFT_COMPILATION_MODE = wholemodule;
				SWIFT_OPTIMIZATION_LEVEL = "-O";
				VALIDATE_PRODUCT = YES;
			};
			name = Release;
		};
		CE01173D2517479800E69B45 /* Debug */ = {
			isa = XCBuildConfiguration;
			baseConfigurationReference = 4B23B91AE7F5625ADEB65A5A /* Pods-timerOnly.debug.xcconfig */;
			buildSettings = {
				ASSETCATALOG_COMPILER_APPICON_NAME = AppIcon;
				ASSETCATALOG_COMPILER_GLOBAL_ACCENT_COLOR_NAME = AccentColor;
				CODE_SIGN_STYLE = Automatic;
				DEVELOPMENT_TEAM = D453TST7T9;
				INFOPLIST_FILE = timerOnly/Info.plist;
				LD_RUNPATH_SEARCH_PATHS = (
					"$(inherited)",
					"@executable_path/Frameworks",
				);
				PRODUCT_BUNDLE_IDENTIFIER = com.iseki.timerOnly;
				PRODUCT_NAME = "$(TARGET_NAME)";
				SWIFT_VERSION = 5.0;
				TARGETED_DEVICE_FAMILY = 1;
			};
			name = Debug;
		};
		CE01173E2517479800E69B45 /* Release */ = {
			isa = XCBuildConfiguration;
			baseConfigurationReference = 57456C1552D957B3E29C67BA /* Pods-timerOnly.release.xcconfig */;
			buildSettings = {
				ASSETCATALOG_COMPILER_APPICON_NAME = AppIcon;
				ASSETCATALOG_COMPILER_GLOBAL_ACCENT_COLOR_NAME = AccentColor;
				CODE_SIGN_STYLE = Automatic;
				DEVELOPMENT_TEAM = D453TST7T9;
				INFOPLIST_FILE = timerOnly/Info.plist;
				LD_RUNPATH_SEARCH_PATHS = (
					"$(inherited)",
					"@executable_path/Frameworks",
				);
				PRODUCT_BUNDLE_IDENTIFIER = com.iseki.timerOnly;
				PRODUCT_NAME = "$(TARGET_NAME)";
				SWIFT_VERSION = 5.0;
				TARGETED_DEVICE_FAMILY = 1;
			};
			name = Release;
		};
		CE0117402517479800E69B45 /* Debug */ = {
			isa = XCBuildConfiguration;
			baseConfigurationReference = ECE293BF6AA79255633C3362 /* Pods-timerOnlyTests.debug.xcconfig */;
			buildSettings = {
				ALWAYS_EMBED_SWIFT_STANDARD_LIBRARIES = YES;
				BUNDLE_LOADER = "$(TEST_HOST)";
				CODE_SIGN_STYLE = Automatic;
				INFOPLIST_FILE = timerOnlyTests/Info.plist;
				IPHONEOS_DEPLOYMENT_TARGET = 14.0;
				LD_RUNPATH_SEARCH_PATHS = (
					"$(inherited)",
					"@executable_path/Frameworks",
					"@loader_path/Frameworks",
				);
				PRODUCT_BUNDLE_IDENTIFIER = com.iseki.timerOnlyTests;
				PRODUCT_NAME = "$(TARGET_NAME)";
				SWIFT_VERSION = 5.0;
				TARGETED_DEVICE_FAMILY = "1,2";
				TEST_HOST = "$(BUILT_PRODUCTS_DIR)/timerOnly.app/timerOnly";
			};
			name = Debug;
		};
		CE0117412517479800E69B45 /* Release */ = {
			isa = XCBuildConfiguration;
			baseConfigurationReference = AA293BB8760E2D934E53086F /* Pods-timerOnlyTests.release.xcconfig */;
			buildSettings = {
				ALWAYS_EMBED_SWIFT_STANDARD_LIBRARIES = YES;
				BUNDLE_LOADER = "$(TEST_HOST)";
				CODE_SIGN_STYLE = Automatic;
				INFOPLIST_FILE = timerOnlyTests/Info.plist;
				IPHONEOS_DEPLOYMENT_TARGET = 14.0;
				LD_RUNPATH_SEARCH_PATHS = (
					"$(inherited)",
					"@executable_path/Frameworks",
					"@loader_path/Frameworks",
				);
				PRODUCT_BUNDLE_IDENTIFIER = com.iseki.timerOnlyTests;
				PRODUCT_NAME = "$(TARGET_NAME)";
				SWIFT_VERSION = 5.0;
				TARGETED_DEVICE_FAMILY = "1,2";
				TEST_HOST = "$(BUILT_PRODUCTS_DIR)/timerOnly.app/timerOnly";
			};
			name = Release;
		};
		CE0117432517479800E69B45 /* Debug */ = {
			isa = XCBuildConfiguration;
			baseConfigurationReference = 2573E83D993CBC85D1A97E72 /* Pods-timerOnly-timerOnlyUITests.debug.xcconfig */;
			buildSettings = {
				ALWAYS_EMBED_SWIFT_STANDARD_LIBRARIES = YES;
				CODE_SIGN_STYLE = Automatic;
				INFOPLIST_FILE = timerOnlyUITests/Info.plist;
				LD_RUNPATH_SEARCH_PATHS = (
					"$(inherited)",
					"@executable_path/Frameworks",
					"@loader_path/Frameworks",
				);
				PRODUCT_BUNDLE_IDENTIFIER = com.iseki.timerOnlyUITests;
				PRODUCT_NAME = "$(TARGET_NAME)";
				SWIFT_VERSION = 5.0;
				TARGETED_DEVICE_FAMILY = "1,2";
				TEST_TARGET_NAME = timerOnly;
			};
			name = Debug;
		};
		CE0117442517479800E69B45 /* Release */ = {
			isa = XCBuildConfiguration;
			baseConfigurationReference = CCFCC95CB02B562F0CE9040A /* Pods-timerOnly-timerOnlyUITests.release.xcconfig */;
			buildSettings = {
				ALWAYS_EMBED_SWIFT_STANDARD_LIBRARIES = YES;
				CODE_SIGN_STYLE = Automatic;
				INFOPLIST_FILE = timerOnlyUITests/Info.plist;
				LD_RUNPATH_SEARCH_PATHS = (
					"$(inherited)",
					"@executable_path/Frameworks",
					"@loader_path/Frameworks",
				);
				PRODUCT_BUNDLE_IDENTIFIER = com.iseki.timerOnlyUITests;
				PRODUCT_NAME = "$(TARGET_NAME)";
				SWIFT_VERSION = 5.0;
				TARGETED_DEVICE_FAMILY = "1,2";
				TEST_TARGET_NAME = timerOnly;
			};
			name = Release;
		};
/* End XCBuildConfiguration section */

/* Begin XCConfigurationList section */
		CE01170A2517479300E69B45 /* Build configuration list for PBXProject "timerOnly" */ = {
			isa = XCConfigurationList;
			buildConfigurations = (
				CE01173A2517479800E69B45 /* Debug */,
				CE01173B2517479800E69B45 /* Release */,
			);
			defaultConfigurationIsVisible = 0;
			defaultConfigurationName = Release;
		};
		CE01173C2517479800E69B45 /* Build configuration list for PBXNativeTarget "timerOnly" */ = {
			isa = XCConfigurationList;
			buildConfigurations = (
				CE01173D2517479800E69B45 /* Debug */,
				CE01173E2517479800E69B45 /* Release */,
			);
			defaultConfigurationIsVisible = 0;
			defaultConfigurationName = Release;
		};
		CE01173F2517479800E69B45 /* Build configuration list for PBXNativeTarget "timerOnlyTests" */ = {
			isa = XCConfigurationList;
			buildConfigurations = (
				CE0117402517479800E69B45 /* Debug */,
				CE0117412517479800E69B45 /* Release */,
			);
			defaultConfigurationIsVisible = 0;
			defaultConfigurationName = Release;
		};
		CE0117422517479800E69B45 /* Build configuration list for PBXNativeTarget "timerOnlyUITests" */ = {
			isa = XCConfigurationList;
			buildConfigurations = (
				CE0117432517479800E69B45 /* Debug */,
				CE0117442517479800E69B45 /* Release */,
			);
			defaultConfigurationIsVisible = 0;
			defaultConfigurationName = Release;
		};
/* End XCConfigurationList section */

/* Begin XCVersionGroup section */
		CE01171B2517479300E69B45 /* timerOnly.xcdatamodeld */ = {
			isa = XCVersionGroup;
			children = (
				CE01171C2517479300E69B45 /* timerOnly.xcdatamodel */,
			);
			currentVersion = CE01171C2517479300E69B45 /* timerOnly.xcdatamodel */;
			path = timerOnly.xcdatamodeld;
			sourceTree = "<group>";
			versionGroupType = wrapper.xcdatamodel;
		};
/* End XCVersionGroup section */
	};
	rootObject = CE0117072517479300E69B45 /* Project object */;
}
